
Microsoft Visual Studio Solution File, Format Version 12.00
# Visual Studio Version 17
VisualStudioVersion = 17.12.35707.178
MinimumVisualStudioVersion = 10.0.40219.1
Project("{FAE04EC0-301F-11D3-BF4B-00C04F79EFBC}") = "CDatos", "CDatos\CDatos.csproj", "{B9DADC74-013E-4F5C-A817-A6E5E42D5C56}"
EndProject
Project("{FAE04EC0-301F-11D3-BF4B-00C04F79EFBC}") = "Negocios", "Negocios\Negocios.csproj", "{936637E0-A8A0-45C5-BF49-A90E516D5E49}"
EndProject
Project("{FAE04EC0-301F-11D3-BF4B-00C04F79EFBC}") = "Presentacion", "Prrsentacion\Presentacion.csproj", "{385A17C0-CBFE-4A11-BFF8-6C9DE20FDCE5}"
EndProject
Global
	GlobalSection(SolutionConfigurationPlatforms) = preSolution
		Debug|Any CPU = Debug|Any CPU
		Release|Any CPU = Release|Any CPU
	EndGlobalSection
	GlobalSection(ProjectConfigurationPlatforms) = postSolution
		{B9DADC74-013E-4F5C-A817-A6E5E42D5C56}.Debug|Any CPU.ActiveCfg = Debug|Any CPU
		{B9DADC74-013E-4F5C-A817-A6E5E42D5C56}.Debug|Any CPU.Build.0 = Debug|Any CPU
		{B9DADC74-013E-4F5C-A817-A6E5E42D5C56}.Release|Any CPU.ActiveCfg = Release|Any CPU
		{B9DADC74-013E-4F5C-A817-A6E5E42D5C56}.Release|Any CPU.Build.0 = Release|Any CPU
		{936637E0-A8A0-45C5-BF49-A90E516D5E49}.Debug|Any CPU.ActiveCfg = Debug|Any CPU
		{936637E0-A8A0-45C5-BF49-A90E516D5E49}.Debug|Any CPU.Build.0 = Debug|Any CPU
		{936637E0-A8A0-45C5-BF49-A90E516D5E49}.Release|Any CPU.ActiveCfg = Release|Any CPU
		{936637E0-A8A0-45C5-BF49-A90E516D5E49}.Release|Any CPU.Build.0 = Release|Any CPU
		{385A17C0-CBFE-4A11-BFF8-6C9DE20FDCE5}.Debug|Any CPU.ActiveCfg = Debug|Any CPU
		{385A17C0-CBFE-4A11-BFF8-6C9DE20FDCE5}.Debug|Any CPU.Build.0 = Debug|Any CPU
		{385A17C0-CBFE-4A11-BFF8-6C9DE20FDCE5}.Release|Any CPU.ActiveCfg = Release|Any CPU
		{385A17C0-CBFE-4A11-BFF8-6C9DE20FDCE5}.Release|Any CPU.Build.0 = Release|Any CPU
	EndGlobalSection
	GlobalSection(SolutionProperties) = preSolution
		HideSolutionNode = FALSE
	EndGlobalSection
EndGlobal
