
Microsoft Visual Studio Solution File, Format Version 12.00
# Visual Studio Version 17
VisualStudioVersion = 17.12.35707.178 d17.12
MinimumVisualStudioVersion = 10.0.40219.1
Project("{FAE04EC0-301F-11D3-BF4B-00C04F79EFBC}") = "Data", "Data\Data.csproj", "{38A5F538-5532-4BE2-BAC4-CC6DF5CC5734}"
EndProject
Project("{FAE04EC0-301F-11D3-BF4B-00C04F79EFBC}") = "NegocioDatos", "NegocioDatos\NegocioDatos.csproj", "{CE2731D3-8A41-4BCA-AB2B-F7D7DD6E942D}"
EndProject
Project("{FAE04EC0-301F-11D3-BF4B-00C04F79EFBC}") = "Presentacion", "Presentacion\Presentacion.csproj", "{68C584F3-019A-40F8-A2BB-C0E1A45DBCE4}"
EndProject
Global
	GlobalSection(SolutionConfigurationPlatforms) = preSolution
		Debug|Any CPU = Debug|Any CPU
		Release|Any CPU = Release|Any CPU
	EndGlobalSection
	GlobalSection(ProjectConfigurationPlatforms) = postSolution
		{38A5F538-5532-4BE2-BAC4-CC6DF5CC5734}.Debug|Any CPU.ActiveCfg = Debug|Any CPU
		{38A5F538-5532-4BE2-BAC4-CC6DF5CC5734}.Debug|Any CPU.Build.0 = Debug|Any CPU
		{38A5F538-5532-4BE2-BAC4-CC6DF5CC5734}.Release|Any CPU.ActiveCfg = Release|Any CPU
		{38A5F538-5532-4BE2-BAC4-CC6DF5CC5734}.Release|Any CPU.Build.0 = Release|Any CPU
		{CE2731D3-8A41-4BCA-AB2B-F7D7DD6E942D}.Debug|Any CPU.ActiveCfg = Debug|Any CPU
		{CE2731D3-8A41-4BCA-AB2B-F7D7DD6E942D}.Debug|Any CPU.Build.0 = Debug|Any CPU
		{CE2731D3-8A41-4BCA-AB2B-F7D7DD6E942D}.Release|Any CPU.ActiveCfg = Release|Any CPU
		{CE2731D3-8A41-4BCA-AB2B-F7D7DD6E942D}.Release|Any CPU.Build.0 = Release|Any CPU
		{68C584F3-019A-40F8-A2BB-C0E1A45DBCE4}.Debug|Any CPU.ActiveCfg = Debug|Any CPU
		{68C584F3-019A-40F8-A2BB-C0E1A45DBCE4}.Debug|Any CPU.Build.0 = Debug|Any CPU
		{68C584F3-019A-40F8-A2BB-C0E1A45DBCE4}.Release|Any CPU.ActiveCfg = Release|Any CPU
		{68C584F3-019A-40F8-A2BB-C0E1A45DBCE4}.Release|Any CPU.Build.0 = Release|Any CPU
	EndGlobalSection
	GlobalSection(SolutionProperties) = preSolution
		HideSolutionNode = FALSE
	EndGlobalSection
EndGlobal
